// !$*UTF8*$!
{
	archiveVersion = 1;
	classes = {
	};
	objectVersion = 48;
	objects = {

/* Begin PBXBuildFile section */
		333D2D962023EAF200C5C693 /* AppDelegate.swift in Sources */ = {isa = PBXBuildFile; fileRef = 333D2D952023EAF200C5C693 /* AppDelegate.swift */; };
		333D2D982023EAF200C5C693 /* ViewController.swift in Sources */ = {isa = PBXBuildFile; fileRef = 333D2D972023EAF200C5C693 /* ViewController.swift */; };
		333D2D9B2023EAF200C5C693 /* Main.storyboard in Resources */ = {isa = PBXBuildFile; fileRef = 333D2D992023EAF200C5C693 /* Main.storyboard */; };
		333D2D9E2023EAF200C5C693 /* ObaWallet.xcdatamodeld in Sources */ = {isa = PBXBuildFile; fileRef = 333D2D9C2023EAF200C5C693 /* ObaWallet.xcdatamodeld */; };
		333D2DA02023EAF200C5C693 /* Assets.xcassets in Resources */ = {isa = PBXBuildFile; fileRef = 333D2D9F2023EAF200C5C693 /* Assets.xcassets */; };
		333D2DA32023EAF200C5C693 /* LaunchScreen.storyboard in Resources */ = {isa = PBXBuildFile; fileRef = 333D2DA12023EAF200C5C693 /* LaunchScreen.storyboard */; };
		333D2DAE2023EAF200C5C693 /* ObaWalletTests.swift in Sources */ = {isa = PBXBuildFile; fileRef = 333D2DAD2023EAF200C5C693 /* ObaWalletTests.swift */; };
		333D2DB92023EAF200C5C693 /* ObaWalletUITests.swift in Sources */ = {isa = PBXBuildFile; fileRef = 333D2DB82023EAF200C5C693 /* ObaWalletUITests.swift */; };
/* End PBXBuildFile section */

/* Begin PBXContainerItemProxy section */
		333D2DAA2023EAF200C5C693 /* PBXContainerItemProxy */ = {
			isa = PBXContainerItemProxy;
			containerPortal = 333D2D8A2023EAF200C5C693 /* Project object */;
			proxyType = 1;
			remoteGlobalIDString = 333D2D912023EAF200C5C693;
			remoteInfo = ObaWallet;
		};
		333D2DB52023EAF200C5C693 /* PBXContainerItemProxy */ = {
			isa = PBXContainerItemProxy;
			containerPortal = 333D2D8A2023EAF200C5C693 /* Project object */;
			proxyType = 1;
			remoteGlobalIDString = 333D2D912023EAF200C5C693;
			remoteInfo = ObaWallet;
		};
/* End PBXContainerItemProxy section */

/* Begin PBXFileReference section */
		333D2D922023EAF200C5C693 /* ObaWallet.app */ = {isa = PBXFileReference; explicitFileType = wrapper.application; includeInIndex = 0; path = ObaWallet.app; sourceTree = BUILT_PRODUCTS_DIR; };
		333D2D952023EAF200C5C693 /* AppDelegate.swift */ = {isa = PBXFileReference; lastKnownFileType = sourcecode.swift; path = AppDelegate.swift; sourceTree = "<group>"; };
		333D2D972023EAF200C5C693 /* ViewController.swift */ = {isa = PBXFileReference; lastKnownFileType = sourcecode.swift; path = ViewController.swift; sourceTree = "<group>"; };
		333D2D9A2023EAF200C5C693 /* Base */ = {isa = PBXFileReference; lastKnownFileType = file.storyboard; name = Base; path = Base.lproj/Main.storyboard; sourceTree = "<group>"; };
		333D2D9D2023EAF200C5C693 /* ObaWallet.xcdatamodel */ = {isa = PBXFileReference; lastKnownFileType = wrapper.xcdatamodel; path = ObaWallet.xcdatamodel; sourceTree = "<group>"; };
		333D2D9F2023EAF200C5C693 /* Assets.xcassets */ = {isa = PBXFileReference; lastKnownFileType = folder.assetcatalog; path = Assets.xcassets; sourceTree = "<group>"; };
		333D2DA22023EAF200C5C693 /* Base */ = {isa = PBXFileReference; lastKnownFileType = file.storyboard; name = Base; path = Base.lproj/LaunchScreen.storyboard; sourceTree = "<group>"; };
		333D2DA42023EAF200C5C693 /* Info.plist */ = {isa = PBXFileReference; lastKnownFileType = text.plist.xml; path = Info.plist; sourceTree = "<group>"; };
		333D2DA92023EAF200C5C693 /* ObaWalletTests.xctest */ = {isa = PBXFileReference; explicitFileType = wrapper.cfbundle; includeInIndex = 0; path = ObaWalletTests.xctest; sourceTree = BUILT_PRODUCTS_DIR; };
		333D2DAD2023EAF200C5C693 /* ObaWalletTests.swift */ = {isa = PBXFileReference; lastKnownFileType = sourcecode.swift; path = ObaWalletTests.swift; sourceTree = "<group>"; };
		333D2DAF2023EAF200C5C693 /* Info.plist */ = {isa = PBXFileReference; lastKnownFileType = text.plist.xml; path = Info.plist; sourceTree = "<group>"; };
		333D2DB42023EAF200C5C693 /* ObaWalletUITests.xctest */ = {isa = PBXFileReference; explicitFileType = wrapper.cfbundle; includeInIndex = 0; path = ObaWalletUITests.xctest; sourceTree = BUILT_PRODUCTS_DIR; };
		333D2DB82023EAF200C5C693 /* ObaWalletUITests.swift */ = {isa = PBXFileReference; lastKnownFileType = sourcecode.swift; path = ObaWalletUITests.swift; sourceTree = "<group>"; };
		333D2DBA2023EAF200C5C693 /* Info.plist */ = {isa = PBXFileReference; lastKnownFileType = text.plist.xml; path = Info.plist; sourceTree = "<group>"; };
/* End PBXFileReference section */

/* Begin PBXFrameworksBuildPhase section */
		333D2D8F2023EAF200C5C693 /* Frameworks */ = {
			isa = PBXFrameworksBuildPhase;
			buildActionMask = 2147483647;
			files = (
			);
			runOnlyForDeploymentPostprocessing = 0;
		};
		333D2DA62023EAF200C5C693 /* Frameworks */ = {
			isa = PBXFrameworksBuildPhase;
			buildActionMask = 2147483647;
			files = (
			);
			runOnlyForDeploymentPostprocessing = 0;
		};
		333D2DB12023EAF200C5C693 /* Frameworks */ = {
			isa = PBXFrameworksBuildPhase;
			buildActionMask = 2147483647;
			files = (
			);
			runOnlyForDeploymentPostprocessing = 0;
		};
/* End PBXFrameworksBuildPhase section */

/* Begin PBXGroup section */
		333D2D892023EAF200C5C693 = {
			isa = PBXGroup;
			children = (
				333D2D942023EAF200C5C693 /* ObaWallet */,
				333D2DAC2023EAF200C5C693 /* ObaWalletTests */,
				333D2DB72023EAF200C5C693 /* ObaWalletUITests */,
				333D2D932023EAF200C5C693 /* Products */,
			);
			sourceTree = "<group>";
		};
		333D2D932023EAF200C5C693 /* Products */ = {
			isa = PBXGroup;
			children = (
				333D2D922023EAF200C5C693 /* ObaWallet.app */,
				333D2DA92023EAF200C5C693 /* ObaWalletTests.xctest */,
				333D2DB42023EAF200C5C693 /* ObaWalletUITests.xctest */,
			);
			name = Products;
			sourceTree = "<group>";
		};
		333D2D942023EAF200C5C693 /* ObaWallet */ = {
			isa = PBXGroup;
			children = (
				333D2D952023EAF200C5C693 /* AppDelegate.swift */,
				333D2D972023EAF200C5C693 /* ViewController.swift */,
				333D2D992023EAF200C5C693 /* Main.storyboard */,
				333D2D9F2023EAF200C5C693 /* Assets.xcassets */,
				333D2DA12023EAF200C5C693 /* LaunchScreen.storyboard */,
				333D2DA42023EAF200C5C693 /* Info.plist */,
				333D2D9C2023EAF200C5C693 /* ObaWallet.xcdatamodeld */,
			);
			path = ObaWallet;
			sourceTree = "<group>";
		};
		333D2DAC2023EAF200C5C693 /* ObaWalletTests */ = {
			isa = PBXGroup;
			children = (
				333D2DAD2023EAF200C5C693 /* ObaWalletTests.swift */,
				333D2DAF2023EAF200C5C693 /* Info.plist */,
			);
			path = ObaWalletTests;
			sourceTree = "<group>";
		};
		333D2DB72023EAF200C5C693 /* ObaWalletUITests */ = {
			isa = PBXGroup;
			children = (
				333D2DB82023EAF200C5C693 /* ObaWalletUITests.swift */,
				333D2DBA2023EAF200C5C693 /* Info.plist */,
			);
			path = ObaWalletUITests;
			sourceTree = "<group>";
		};
/* End PBXGroup section */

/* Begin PBXNativeTarget section */
		333D2D912023EAF200C5C693 /* ObaWallet */ = {
			isa = PBXNativeTarget;
			buildConfigurationList = 333D2DBD2023EAF200C5C693 /* Build configuration list for PBXNativeTarget "ObaWallet" */;
			buildPhases = (
				333D2D8E2023EAF200C5C693 /* Sources */,
				333D2D8F2023EAF200C5C693 /* Frameworks */,
				333D2D902023EAF200C5C693 /* Resources */,
			);
			buildRules = (
			);
			dependencies = (
			);
			name = ObaWallet;
			productName = ObaWallet;
			productReference = 333D2D922023EAF200C5C693 /* ObaWallet.app */;
			productType = "com.apple.product-type.application";
		};
		333D2DA82023EAF200C5C693 /* ObaWalletTests */ = {
			isa = PBXNativeTarget;
			buildConfigurationList = 333D2DC02023EAF200C5C693 /* Build configuration list for PBXNativeTarget "ObaWalletTests" */;
			buildPhases = (
				333D2DA52023EAF200C5C693 /* Sources */,
				333D2DA62023EAF200C5C693 /* Frameworks */,
				333D2DA72023EAF200C5C693 /* Resources */,
			);
			buildRules = (
			);
			dependencies = (
				333D2DAB2023EAF200C5C693 /* PBXTargetDependency */,
			);
			name = ObaWalletTests;
			productName = ObaWalletTests;
			productReference = 333D2DA92023EAF200C5C693 /* ObaWalletTests.xctest */;
			productType = "com.apple.product-type.bundle.unit-test";
		};
		333D2DB32023EAF200C5C693 /* ObaWalletUITests */ = {
			isa = PBXNativeTarget;
			buildConfigurationList = 333D2DC32023EAF200C5C693 /* Build configuration list for PBXNativeTarget "ObaWalletUITests" */;
			buildPhases = (
				333D2DB02023EAF200C5C693 /* Sources */,
				333D2DB12023EAF200C5C693 /* Frameworks */,
				333D2DB22023EAF200C5C693 /* Resources */,
			);
			buildRules = (
			);
			dependencies = (
				333D2DB62023EAF200C5C693 /* PBXTargetDependency */,
			);
			name = ObaWalletUITests;
			productName = ObaWalletUITests;
			productReference = 333D2DB42023EAF200C5C693 /* ObaWalletUITests.xctest */;
			productType = "com.apple.product-type.bundle.ui-testing";
		};
/* End PBXNativeTarget section */

/* Begin PBXProject section */
		333D2D8A2023EAF200C5C693 /* Project object */ = {
			isa = PBXProject;
			attributes = {
				LastSwiftUpdateCheck = 0920;
				LastUpgradeCheck = 0920;
				ORGANIZATIONNAME = Han;
				TargetAttributes = {
					333D2D912023EAF200C5C693 = {
						CreatedOnToolsVersion = 9.2;
						ProvisioningStyle = Automatic;
					};
					333D2DA82023EAF200C5C693 = {
						CreatedOnToolsVersion = 9.2;
						ProvisioningStyle = Automatic;
						TestTargetID = 333D2D912023EAF200C5C693;
					};
					333D2DB32023EAF200C5C693 = {
						CreatedOnToolsVersion = 9.2;
						ProvisioningStyle = Automatic;
						TestTargetID = 333D2D912023EAF200C5C693;
					};
				};
			};
			buildConfigurationList = 333D2D8D2023EAF200C5C693 /* Build configuration list for PBXProject "ObaWallet" */;
			compatibilityVersion = "Xcode 8.0";
			developmentRegion = en;
			hasScannedForEncodings = 0;
			knownRegions = (
				en,
				Base,
			);
			mainGroup = 333D2D892023EAF200C5C693;
			productRefGroup = 333D2D932023EAF200C5C693 /* Products */;
			projectDirPath = "";
			projectRoot = "";
			targets = (
				333D2D912023EAF200C5C693 /* ObaWallet */,
				333D2DA82023EAF200C5C693 /* ObaWalletTests */,
				333D2DB32023EAF200C5C693 /* ObaWalletUITests */,
			);
		};
/* End PBXProject section */

/* Begin PBXResourcesBuildPhase section */
		333D2D902023EAF200C5C693 /* Resources */ = {
			isa = PBXResourcesBuildPhase;
			buildActionMask = 2147483647;
			files = (
				333D2DA32023EAF200C5C693 /* LaunchScreen.storyboard in Resources */,
				333D2DA02023EAF200C5C693 /* Assets.xcassets in Resources */,
				333D2D9B2023EAF200C5C693 /* Main.storyboard in Resources */,
			);
			runOnlyForDeploymentPostprocessing = 0;
		};
		333D2DA72023EAF200C5C693 /* Resources */ = {
			isa = PBXResourcesBuildPhase;
			buildActionMask = 2147483647;
			files = (
			);
			runOnlyForDeploymentPostprocessing = 0;
		};
		333D2DB22023EAF200C5C693 /* Resources */ = {
			isa = PBXResourcesBuildPhase;
			buildActionMask = 2147483647;
			files = (
			);
			runOnlyForDeploymentPostprocessing = 0;
		};
/* End PBXResourcesBuildPhase section */

/* Begin PBXSourcesBuildPhase section */
		333D2D8E2023EAF200C5C693 /* Sources */ = {
			isa = PBXSourcesBuildPhase;
			buildActionMask = 2147483647;
			files = (
				333D2D982023EAF200C5C693 /* ViewController.swift in Sources */,
				333D2D9E2023EAF200C5C693 /* ObaWallet.xcdatamodeld in Sources */,
				333D2D962023EAF200C5C693 /* AppDelegate.swift in Sources */,
			);
			runOnlyForDeploymentPostprocessing = 0;
		};
		333D2DA52023EAF200C5C693 /* Sources */ = {
			isa = PBXSourcesBuildPhase;
			buildActionMask = 2147483647;
			files = (
				333D2DAE2023EAF200C5C693 /* ObaWalletTests.swift in Sources */,
			);
			runOnlyForDeploymentPostprocessing = 0;
		};
		333D2DB02023EAF200C5C693 /* Sources */ = {
			isa = PBXSourcesBuildPhase;
			buildActionMask = 2147483647;
			files = (
				333D2DB92023EAF200C5C693 /* ObaWalletUITests.swift in Sources */,
			);
			runOnlyForDeploymentPostprocessing = 0;
		};
/* End PBXSourcesBuildPhase section */

/* Begin PBXTargetDependency section */
		333D2DAB2023EAF200C5C693 /* PBXTargetDependency */ = {
			isa = PBXTargetDependency;
			target = 333D2D912023EAF200C5C693 /* ObaWallet */;
			targetProxy = 333D2DAA2023EAF200C5C693 /* PBXContainerItemProxy */;
		};
		333D2DB62023EAF200C5C693 /* PBXTargetDependency */ = {
			isa = PBXTargetDependency;
			target = 333D2D912023EAF200C5C693 /* ObaWallet */;
			targetProxy = 333D2DB52023EAF200C5C693 /* PBXContainerItemProxy */;
		};
/* End PBXTargetDependency section */

/* Begin PBXVariantGroup section */
		333D2D992023EAF200C5C693 /* Main.storyboard */ = {
			isa = PBXVariantGroup;
			children = (
				333D2D9A2023EAF200C5C693 /* Base */,
			);
			name = Main.storyboard;
			sourceTree = "<group>";
		};
		333D2DA12023EAF200C5C693 /* LaunchScreen.storyboard */ = {
			isa = PBXVariantGroup;
			children = (
				333D2DA22023EAF200C5C693 /* Base */,
			);
			name = LaunchScreen.storyboard;
			sourceTree = "<group>";
		};
/* End PBXVariantGroup section */

/* Begin XCBuildConfiguration section */
		333D2DBB2023EAF200C5C693 /* Debug */ = {
			isa = XCBuildConfiguration;
			buildSettings = {
				ALWAYS_SEARCH_USER_PATHS = NO;
				CLANG_ANALYZER_NONNULL = YES;
				CLANG_ANALYZER_NUMBER_OBJECT_CONVERSION = YES_AGGRESSIVE;
				CLANG_CXX_LANGUAGE_STANDARD = "gnu++14";
				CLANG_CXX_LIBRARY = "libc++";
				CLANG_ENABLE_MODULES = YES;
				CLANG_ENABLE_OBJC_ARC = YES;
				CLANG_WARN_BLOCK_CAPTURE_AUTORELEASING = YES;
				CLANG_WARN_BOOL_CONVERSION = YES;
				CLANG_WARN_COMMA = YES;
				CLANG_WARN_CONSTANT_CONVERSION = YES;
				CLANG_WARN_DIRECT_OBJC_ISA_USAGE = YES_ERROR;
				CLANG_WARN_DOCUMENTATION_COMMENTS = YES;
				CLANG_WARN_EMPTY_BODY = YES;
				CLANG_WARN_ENUM_CONVERSION = YES;
				CLANG_WARN_INFINITE_RECURSION = YES;
				CLANG_WARN_INT_CONVERSION = YES;
				CLANG_WARN_NON_LITERAL_NULL_CONVERSION = YES;
				CLANG_WARN_OBJC_LITERAL_CONVERSION = YES;
				CLANG_WARN_OBJC_ROOT_CLASS = YES_ERROR;
				CLANG_WARN_RANGE_LOOP_ANALYSIS = YES;
				CLANG_WARN_STRICT_PROTOTYPES = YES;
				CLANG_WARN_SUSPICIOUS_MOVE = YES;
				CLANG_WARN_UNGUARDED_AVAILABILITY = YES_AGGRESSIVE;
				CLANG_WARN_UNREACHABLE_CODE = YES;
				CLANG_WARN__DUPLICATE_METHOD_MATCH = YES;
				CODE_SIGN_IDENTITY = "iPhone Developer";
				COPY_PHASE_STRIP = NO;
				DEBUG_INFORMATION_FORMAT = dwarf;
				ENABLE_STRICT_OBJC_MSGSEND = YES;
				ENABLE_TESTABILITY = YES;
				GCC_C_LANGUAGE_STANDARD = gnu11;
				GCC_DYNAMIC_NO_PIC = NO;
				GCC_NO_COMMON_BLOCKS = YES;
				GCC_OPTIMIZATION_LEVEL = 0;
				GCC_PREPROCESSOR_DEFINITIONS = (
					"DEBUG=1",
					"$(inherited)",
				);
				GCC_WARN_64_TO_32_BIT_CONVERSION = YES;
				GCC_WARN_ABOUT_RETURN_TYPE = YES_ERROR;
				GCC_WARN_UNDECLARED_SELECTOR = YES;
				GCC_WARN_UNINITIALIZED_AUTOS = YES_AGGRESSIVE;
				GCC_WARN_UNUSED_FUNCTION = YES;
				GCC_WARN_UNUSED_VARIABLE = YES;
				IPHONEOS_DEPLOYMENT_TARGET = 11.2;
				MTL_ENABLE_DEBUG_INFO = YES;
				ONLY_ACTIVE_ARCH = YES;
				SDKROOT = iphoneos;
				SWIFT_ACTIVE_COMPILATION_CONDITIONS = DEBUG;
				SWIFT_OPTIMIZATION_LEVEL = "-Onone";
			};
			name = Debug;
		};
		333D2DBC2023EAF200C5C693 /* Release */ = {
			isa = XCBuildConfiguration;
			buildSettings = {
				ALWAYS_SEARCH_USER_PATHS = NO;
				CLANG_ANALYZER_NONNULL = YES;
				CLANG_ANALYZER_NUMBER_OBJECT_CONVERSION = YES_AGGRESSIVE;
				CLANG_CXX_LANGUAGE_STANDARD = "gnu++14";
				CLANG_CXX_LIBRARY = "libc++";
				CLANG_ENABLE_MODULES = YES;
				CLANG_ENABLE_OBJC_ARC = YES;
				CLANG_WARN_BLOCK_CAPTURE_AUTORELEASING = YES;
				CLANG_WARN_BOOL_CONVERSION = YES;
				CLANG_WARN_COMMA = YES;
				CLANG_WARN_CONSTANT_CONVERSION = YES;
				CLANG_WARN_DIRECT_OBJC_ISA_USAGE = YES_ERROR;
				CLANG_WARN_DOCUMENTATION_COMMENTS = YES;
				CLANG_WARN_EMPTY_BODY = YES;
				CLANG_WARN_ENUM_CONVERSION = YES;
				CLANG_WARN_INFINITE_RECURSION = YES;
				CLANG_WARN_INT_CONVERSION = YES;
				CLANG_WARN_NON_LITERAL_NULL_CONVERSION = YES;
				CLANG_WARN_OBJC_LITERAL_CONVERSION = YES;
				CLANG_WARN_OBJC_ROOT_CLASS = YES_ERROR;
				CLANG_WARN_RANGE_LOOP_ANALYSIS = YES;
				CLANG_WARN_STRICT_PROTOTYPES = YES;
				CLANG_WARN_SUSPICIOUS_MOVE = YES;
				CLANG_WARN_UNGUARDED_AVAILABILITY = YES_AGGRESSIVE;
				CLANG_WARN_UNREACHABLE_CODE = YES;
				CLANG_WARN__DUPLICATE_METHOD_MATCH = YES;
				CODE_SIGN_IDENTITY = "iPhone Developer";
				COPY_PHASE_STRIP = NO;
				DEBUG_INFORMATION_FORMAT = "dwarf-with-dsym";
				ENABLE_NS_ASSERTIONS = NO;
				ENABLE_STRICT_OBJC_MSGSEND = YES;
				GCC_C_LANGUAGE_STANDARD = gnu11;
				GCC_NO_COMMON_BLOCKS = YES;
				GCC_WARN_64_TO_32_BIT_CONVERSION = YES;
				GCC_WARN_ABOUT_RETURN_TYPE = YES_ERROR;
				GCC_WARN_UNDECLARED_SELECTOR = YES;
				GCC_WARN_UNINITIALIZED_AUTOS = YES_AGGRESSIVE;
				GCC_WARN_UNUSED_FUNCTION = YES;
				GCC_WARN_UNUSED_VARIABLE = YES;
				IPHONEOS_DEPLOYMENT_TARGET = 11.2;
				MTL_ENABLE_DEBUG_INFO = NO;
				SDKROOT = iphoneos;
				SWIFT_OPTIMIZATION_LEVEL = "-Owholemodule";
				VALIDATE_PRODUCT = YES;
			};
			name = Release;
		};
		333D2DBE2023EAF200C5C693 /* Debug */ = {
			isa = XCBuildConfiguration;
			buildSettings = {
				ASSETCATALOG_COMPILER_APPICON_NAME = AppIcon;
				CODE_SIGN_STYLE = Automatic;
				INFOPLIST_FILE = ObaWallet/Info.plist;
				LD_RUNPATH_SEARCH_PATHS = "$(inherited) @executable_path/Frameworks";
				PRODUCT_BUNDLE_IDENTIFIER = com.PolarBear.ObaWallet;
				PRODUCT_NAME = "$(TARGET_NAME)";
				SWIFT_VERSION = 4.0;
				TARGETED_DEVICE_FAMILY = "1,2";
			};
			name = Debug;
		};
		333D2DBF2023EAF200C5C693 /* Release */ = {
			isa = XCBuildConfiguration;
			buildSettings = {
				ASSETCATALOG_COMPILER_APPICON_NAME = AppIcon;
				CODE_SIGN_STYLE = Automatic;
				INFOPLIST_FILE = ObaWallet/Info.plist;
				LD_RUNPATH_SEARCH_PATHS = "$(inherited) @executable_path/Frameworks";
				PRODUCT_BUNDLE_IDENTIFIER = com.PolarBear.ObaWallet;
				PRODUCT_NAME = "$(TARGET_NAME)";
				SWIFT_VERSION = 4.0;
				TARGETED_DEVICE_FAMILY = "1,2";
			};
			name = Release;
		};
		333D2DC12023EAF200C5C693 /* Debug */ = {
			isa = XCBuildConfiguration;
			buildSettings = {
				ALWAYS_EMBED_SWIFT_STANDARD_LIBRARIES = YES;
				BUNDLE_LOADER = "$(TEST_HOST)";
				CODE_SIGN_STYLE = Automatic;
				INFOPLIST_FILE = ObaWalletTests/Info.plist;
				LD_RUNPATH_SEARCH_PATHS = "$(inherited) @executable_path/Frameworks @loader_path/Frameworks";
				PRODUCT_BUNDLE_IDENTIFIER = com.PolarBear.ObaWalletTests;
				PRODUCT_NAME = "$(TARGET_NAME)";
				SWIFT_VERSION = 4.0;
				TARGETED_DEVICE_FAMILY = "1,2";
				TEST_HOST = "$(BUILT_PRODUCTS_DIR)/ObaWallet.app/ObaWallet";
			};
			name = Debug;
		};
		333D2DC22023EAF200C5C693 /* Release */ = {
			isa = XCBuildConfiguration;
			buildSettings = {
				ALWAYS_EMBED_SWIFT_STANDARD_LIBRARIES = YES;
				BUNDLE_LOADER = "$(TEST_HOST)";
				CODE_SIGN_STYLE = Automatic;
				INFOPLIST_FILE = ObaWalletTests/Info.plist;
				LD_RUNPATH_SEARCH_PATHS = "$(inherited) @executable_path/Frameworks @loader_path/Frameworks";
				PRODUCT_BUNDLE_IDENTIFIER = com.PolarBear.ObaWalletTests;
				PRODUCT_NAME = "$(TARGET_NAME)";
				SWIFT_VERSION = 4.0;
				TARGETED_DEVICE_FAMILY = "1,2";
				TEST_HOST = "$(BUILT_PRODUCTS_DIR)/ObaWallet.app/ObaWallet";
			};
			name = Release;
		};
		333D2DC42023EAF200C5C693 /* Debug */ = {
			isa = XCBuildConfiguration;
			buildSettings = {
				ALWAYS_EMBED_SWIFT_STANDARD_LIBRARIES = YES;
				CODE_SIGN_STYLE = Automatic;
				INFOPLIST_FILE = ObaWalletUITests/Info.plist;
				LD_RUNPATH_SEARCH_PATHS = "$(inherited) @executable_path/Frameworks @loader_path/Frameworks";
				PRODUCT_BUNDLE_IDENTIFIER = com.PolarBear.ObaWalletUITests;
				PRODUCT_NAME = "$(TARGET_NAME)";
				SWIFT_VERSION = 4.0;
				TARGETED_DEVICE_FAMILY = "1,2";
				TEST_TARGET_NAME = ObaWallet;
			};
			name = Debug;
		};
		333D2DC52023EAF200C5C693 /* Release */ = {
			isa = XCBuildConfiguration;
			buildSettings = {
				ALWAYS_EMBED_SWIFT_STANDARD_LIBRARIES = YES;
				CODE_SIGN_STYLE = Automatic;
				INFOPLIST_FILE = ObaWalletUITests/Info.plist;
				LD_RUNPATH_SEARCH_PATHS = "$(inherited) @executable_path/Frameworks @loader_path/Frameworks";
				PRODUCT_BUNDLE_IDENTIFIER = com.PolarBear.ObaWalletUITests;
				PRODUCT_NAME = "$(TARGET_NAME)";
				SWIFT_VERSION = 4.0;
				TARGETED_DEVICE_FAMILY = "1,2";
				TEST_TARGET_NAME = ObaWallet;
			};
			name = Release;
		};
/* End XCBuildConfiguration section */

/* Begin XCConfigurationList section */
		333D2D8D2023EAF200C5C693 /* Build configuration list for PBXProject "ObaWallet" */ = {
			isa = XCConfigurationList;
			buildConfigurations = (
				333D2DBB2023EAF200C5C693 /* Debug */,
				333D2DBC2023EAF200C5C693 /* Release */,
			);
			defaultConfigurationIsVisible = 0;
			defaultConfigurationName = Release;
		};
		333D2DBD2023EAF200C5C693 /* Build configuration list for PBXNativeTarget "ObaWallet" */ = {
			isa = XCConfigurationList;
			buildConfigurations = (
				333D2DBE2023EAF200C5C693 /* Debug */,
				333D2DBF2023EAF200C5C693 /* Release */,
			);
			defaultConfigurationIsVisible = 0;
			defaultConfigurationName = Release;
		};
		333D2DC02023EAF200C5C693 /* Build configuration list for PBXNativeTarget "ObaWalletTests" */ = {
			isa = XCConfigurationList;
			buildConfigurations = (
				333D2DC12023EAF200C5C693 /* Debug */,
				333D2DC22023EAF200C5C693 /* Release */,
			);
			defaultConfigurationIsVisible = 0;
			defaultConfigurationName = Release;
		};
		333D2DC32023EAF200C5C693 /* Build configuration list for PBXNativeTarget "ObaWalletUITests" */ = {
			isa = XCConfigurationList;
			buildConfigurations = (
				333D2DC42023EAF200C5C693 /* Debug */,
				333D2DC52023EAF200C5C693 /* Release */,
			);
			defaultConfigurationIsVisible = 0;
			defaultConfigurationName = Release;
		};
/* End XCConfigurationList section */

/* Begin XCVersionGroup section */
		333D2D9C2023EAF200C5C693 /* ObaWallet.xcdatamodeld */ = {
			isa = XCVersionGroup;
			children = (
				333D2D9D2023EAF200C5C693 /* ObaWallet.xcdatamodel */,
			);
			currentVersion = 333D2D9D2023EAF200C5C693 /* ObaWallet.xcdatamodel */;
			path = ObaWallet.xcdatamodeld;
			sourceTree = "<group>";
			versionGroupType = wrapper.xcdatamodel;
		};
/* End XCVersionGroup section */
	};
	rootObject = 333D2D8A2023EAF200C5C693 /* Project object */;
}
